
Microsoft Visual Studio Solution File, Format Version 12.00
Project("{FAE04EC0-301F-11D3-BF4B-00C04F79EFBC}") = "TicTacToe", "TicTacToe\TicTacToe.csproj", "{E05EC772-92CC-4C9D-A321-4E69FC4E6FF8}"
EndProject
Project("{FAE04EC0-301F-11D3-BF4B-00C04F79EFBC}") = "TicTacToeTests", "TicTacToeTests\TicTacToeTests.csproj", "{7A308786-1CFF-4521-93D5-B38EA93ACDB8}"
EndProject
Global
	GlobalSection(SolutionConfigurationPlatforms) = preSolution
		Debug|Any CPU = Debug|Any CPU
		Release|Any CPU = Release|Any CPU
	EndGlobalSection
	GlobalSection(ProjectConfigurationPlatforms) = postSolution
		{E05EC772-92CC-4C9D-A321-4E69FC4E6FF8}.Debug|Any CPU.ActiveCfg = Debug|Any CPU
		{E05EC772-92CC-4C9D-A321-4E69FC4E6FF8}.Debug|Any CPU.Build.0 = Debug|Any CPU
		{E05EC772-92CC-4C9D-A321-4E69FC4E6FF8}.Release|Any CPU.ActiveCfg = Release|Any CPU
		{E05EC772-92CC-4C9D-A321-4E69FC4E6FF8}.Release|Any CPU.Build.0 = Release|Any CPU
		{7A308786-1CFF-4521-93D5-B38EA93ACDB8}.Debug|Any CPU.ActiveCfg = Debug|Any CPU
		{7A308786-1CFF-4521-93D5-B38EA93ACDB8}.Debug|Any CPU.Build.0 = Debug|Any CPU
		{7A308786-1CFF-4521-93D5-B38EA93ACDB8}.Release|Any CPU.ActiveCfg = Release|Any CPU
		{7A308786-1CFF-4521-93D5-B38EA93ACDB8}.Release|Any CPU.Build.0 = Release|Any CPU
	EndGlobalSection
EndGlobal
