
Microsoft Visual Studio Solution File, Format Version 12.00
Project("{FAE04EC0-301F-11D3-BF4B-00C04F79EFBC}") = "BoardGame", "BoardGame\BoardGame.csproj", "{33DB5CD3-705F-401B-8F9F-BD7CC30291CA}"
EndProject
Project("{FAE04EC0-301F-11D3-BF4B-00C04F79EFBC}") = "BoardGameTests", "BoardGameTests\BoardGameTests.csproj", "{8A7D9713-8AB4-4EA0-B553-1B576FE5FDE9}"
EndProject
Project("{FAE04EC0-301F-11D3-BF4B-00C04F79EFBC}") = "BoardGameApi", "BoardGameApi\BoardGameApi.csproj", "{569A88DC-9AAB-4697-8817-E193EAED3EE3}"
EndProject
Project("{FAE04EC0-301F-11D3-BF4B-00C04F79EFBC}") = "BoardGameApiTests", "BoardGameApiTests\BoardGameApiTests.csproj", "{703B26E2-314D-49CD-97BC-C2B8B6205CB8}"
EndProject
Global
	GlobalSection(SolutionConfigurationPlatforms) = preSolution
		Debug|Any CPU = Debug|Any CPU
		Release|Any CPU = Release|Any CPU
	EndGlobalSection
	GlobalSection(ProjectConfigurationPlatforms) = postSolution
		{33DB5CD3-705F-401B-8F9F-BD7CC30291CA}.Debug|Any CPU.ActiveCfg = Debug|Any CPU
		{33DB5CD3-705F-401B-8F9F-BD7CC30291CA}.Debug|Any CPU.Build.0 = Debug|Any CPU
		{33DB5CD3-705F-401B-8F9F-BD7CC30291CA}.Release|Any CPU.ActiveCfg = Release|Any CPU
		{33DB5CD3-705F-401B-8F9F-BD7CC30291CA}.Release|Any CPU.Build.0 = Release|Any CPU
		{8A7D9713-8AB4-4EA0-B553-1B576FE5FDE9}.Debug|Any CPU.ActiveCfg = Debug|Any CPU
		{8A7D9713-8AB4-4EA0-B553-1B576FE5FDE9}.Debug|Any CPU.Build.0 = Debug|Any CPU
		{8A7D9713-8AB4-4EA0-B553-1B576FE5FDE9}.Release|Any CPU.ActiveCfg = Release|Any CPU
		{8A7D9713-8AB4-4EA0-B553-1B576FE5FDE9}.Release|Any CPU.Build.0 = Release|Any CPU
		{569A88DC-9AAB-4697-8817-E193EAED3EE3}.Debug|Any CPU.ActiveCfg = Debug|Any CPU
		{569A88DC-9AAB-4697-8817-E193EAED3EE3}.Debug|Any CPU.Build.0 = Debug|Any CPU
		{569A88DC-9AAB-4697-8817-E193EAED3EE3}.Release|Any CPU.ActiveCfg = Release|Any CPU
		{569A88DC-9AAB-4697-8817-E193EAED3EE3}.Release|Any CPU.Build.0 = Release|Any CPU
		{703B26E2-314D-49CD-97BC-C2B8B6205CB8}.Debug|Any CPU.ActiveCfg = Debug|Any CPU
		{703B26E2-314D-49CD-97BC-C2B8B6205CB8}.Debug|Any CPU.Build.0 = Debug|Any CPU
		{703B26E2-314D-49CD-97BC-C2B8B6205CB8}.Release|Any CPU.ActiveCfg = Release|Any CPU
		{703B26E2-314D-49CD-97BC-C2B8B6205CB8}.Release|Any CPU.Build.0 = Release|Any CPU
	EndGlobalSection
EndGlobal
